
Microsoft Visual Studio Solution File, Format Version 12.00
# Visual Studio Version 16
VisualStudioVersion = 16.0.29613.14
MinimumVisualStudioVersion = 10.0.40219.1
Project("{2150E333-8FDC-42A3-9474-1A3956D46DE8}") = "Application", "Application", "{3E474B4E-F174-475B-A363-9C20C00BF374}"
EndProject
Project("{2150E333-8FDC-42A3-9474-1A3956D46DE8}") = "Domain", "Domain", "{992D8116-3E0B-4F7B-B5A1-656EF92A1744}"
EndProject
Project("{2150E333-8FDC-42A3-9474-1A3956D46DE8}") = "Infra.IoC", "Infra.IoC", "{1EC06087-B5F4-4793-9C80-0E6F667DA13F}"
EndProject
Project("{2150E333-8FDC-42A3-9474-1A3956D46DE8}") = "Infra.Data", "Infra.Data", "{E79E4BF8-BC69-443F-8A09-B522BE00723A}"
EndProject
Project("{2150E333-8FDC-42A3-9474-1A3956D46DE8}") = "Presentation", "Presentation", "{D7528050-1747-469C-A14B-AF2DD8C1A642}"
EndProject
Project("{9A19103F-16F7-4668-BE54-9A1E7A4F7556}") = "CleanArch.Mvc", "CleanArch.Mvc\CleanArch.Mvc.csproj", "{0E8C6CA6-229C-42CD-9313-FD4AEBBF4EEF}"
EndProject
Project("{FAE04EC0-301F-11D3-BF4B-00C04F79EFBC}") = "CleanArch.Domain", "CleanArch.Domain\CleanArch.Domain.csproj", "{FC7686BD-2944-4C5A-902A-19E542AA4A04}"
EndProject
Project("{FAE04EC0-301F-11D3-BF4B-00C04F79EFBC}") = "CleanArch.Infra.Data", "CleanArch.Infra.Data\CleanArch.Infra.Data.csproj", "{83CECA15-4C63-4180-B0D5-9039527FDE5B}"
EndProject
Global
	GlobalSection(SolutionConfigurationPlatforms) = preSolution
		Debug|Any CPU = Debug|Any CPU
		Release|Any CPU = Release|Any CPU
	EndGlobalSection
	GlobalSection(ProjectConfigurationPlatforms) = postSolution
		{0E8C6CA6-229C-42CD-9313-FD4AEBBF4EEF}.Debug|Any CPU.ActiveCfg = Debug|Any CPU
		{0E8C6CA6-229C-42CD-9313-FD4AEBBF4EEF}.Debug|Any CPU.Build.0 = Debug|Any CPU
		{0E8C6CA6-229C-42CD-9313-FD4AEBBF4EEF}.Release|Any CPU.ActiveCfg = Release|Any CPU
		{0E8C6CA6-229C-42CD-9313-FD4AEBBF4EEF}.Release|Any CPU.Build.0 = Release|Any CPU
		{FC7686BD-2944-4C5A-902A-19E542AA4A04}.Debug|Any CPU.ActiveCfg = Debug|Any CPU
		{FC7686BD-2944-4C5A-902A-19E542AA4A04}.Debug|Any CPU.Build.0 = Debug|Any CPU
		{FC7686BD-2944-4C5A-902A-19E542AA4A04}.Release|Any CPU.ActiveCfg = Release|Any CPU
		{FC7686BD-2944-4C5A-902A-19E542AA4A04}.Release|Any CPU.Build.0 = Release|Any CPU
		{83CECA15-4C63-4180-B0D5-9039527FDE5B}.Debug|Any CPU.ActiveCfg = Debug|Any CPU
		{83CECA15-4C63-4180-B0D5-9039527FDE5B}.Debug|Any CPU.Build.0 = Debug|Any CPU
		{83CECA15-4C63-4180-B0D5-9039527FDE5B}.Release|Any CPU.ActiveCfg = Release|Any CPU
		{83CECA15-4C63-4180-B0D5-9039527FDE5B}.Release|Any CPU.Build.0 = Release|Any CPU
	EndGlobalSection
	GlobalSection(SolutionProperties) = preSolution
		HideSolutionNode = FALSE
	EndGlobalSection
	GlobalSection(NestedProjects) = preSolution
		{0E8C6CA6-229C-42CD-9313-FD4AEBBF4EEF} = {D7528050-1747-469C-A14B-AF2DD8C1A642}
		{FC7686BD-2944-4C5A-902A-19E542AA4A04} = {992D8116-3E0B-4F7B-B5A1-656EF92A1744}
		{83CECA15-4C63-4180-B0D5-9039527FDE5B} = {E79E4BF8-BC69-443F-8A09-B522BE00723A}
	EndGlobalSection
	GlobalSection(ExtensibilityGlobals) = postSolution
		SolutionGuid = {943F4462-8379-4A59-9989-F0B3817A775E}
	EndGlobalSection
EndGlobal
